# This file was autogenerated by Stack.
# You should not edit this file by hand.
# For more information, please see the documentation at:
#   https://docs.haskellstack.org/en/stable/lock_files

packages:
- completed:
    hackage: unix-2.7.2.2@sha256:9e93f93cc5a065248120136e83a0a6d1ce93d6eb5ef2a2543f9593e93e164d24,3496
    pantry-tree:
      size: 3536
      sha256: 0b54bf49636d2a8c06e28315710e4437e001e05b4523d6e3cb083ba2426a38b2
  original:
    hackage: unix-2.7.2.2
snapshots:
- completed:
    size: 524163
    url: https://raw.githubusercontent.com/commercialhaskell/stackage-snapshots/master/lts/14/25.yaml
    sha256: 97548b4e927a8a862d4a203687ca18a3f5d2ae75b4b72c946fb29c17df1a5082
  original: lts-14.25
