# This file was autogenerated by Stack.
# You should not edit this file by hand.
# For more information, please see the documentation at:
#   https://docs.haskellstack.org/en/stable/lock_files

packages:
- completed:
    hackage: unix-2.7.2.2@sha256:e69269a17b9fa26cb77f3f55e86c39d0a4940ccfa0c4bc20826919d2572076ad,3496
    pantry-tree:
      size: 3536
      sha256: c355f7924ce67e5bf8f20767462af18f09b8c0d1f7161117221cbb94c15deee3
  original:
    hackage: unix-2.7.2.2
snapshots:
- completed:
    size: 524163
    url: https://raw.githubusercontent.com/commercialhaskell/stackage-snapshots/master/lts/14/25.yaml
    sha256: 97548b4e927a8a862d4a203687ca18a3f5d2ae75b4b72c946fb29c17df1a5082
  original: lts-14.25
